<?xml version="1.0" encoding="utf-8"?>
<Project ToolsVersion="4.0" xmlns="http://schemas.microsoft.com/developer/msbuild/2003">
  <ItemGroup>
    <Filter Include="Source Files">
      <UniqueIdentifier>{38f362ee-fc03-475e-89ea-5aa4c17aa9ea}</UniqueIdentifier>
      <Extensions>cpp;c;cxx;def;odl;idl;hpj;bat;asm</Extensions>
    </Filter>
    <Filter Include="Header Files">
      <UniqueIdentifier>{921e9761-b55e-4751-9f1d-a653f13ab2be}</UniqueIdentifier>
      <Extensions>h;hpp;hxx;hm;inl;inc</Extensions>
    </Filter>
    <Filter Include="Resource Files">
      <UniqueIdentifier>{707e3d0b-3ae6-453d-9ea3-181765805efb}</UniqueIdentifier>
      <Extensions>rc;ico;cur;bmp;dlg;rc2;rct;bin;rgs;gif;jpg;jpeg;jpe</Extensions>
    </Filter>
  </ItemGroup>
  <ItemGroup>
    <ClCompile Include="Bitmap.cpp">
      <Filter>Source Files</Filter>
    </ClCompile>
    <ClCompile Include="Fore.cpp">
      <Filter>Source Files</Filter>
    </ClCompile>
    <ClCompile Include="GameEngine.cpp">
      <Filter>Source Files</Filter>
    </ClCompile>
    <ClCompile Include="Sprite.cpp">
      <Filter>Source Files</Filter>
    </ClCompile>
    <ClCompile Include="TreeSprite.cpp">
      <Filter>Source Files</Filter>
    </ClCompile>
    <ClCompile Include="Gatherer.cpp">
      <Filter>Source Files</Filter>
    </ClCompile>
    <ClCompile Include="InputManager.cpp">
      <Filter>Source Files</Filter>
    </ClCompile>
    <ClCompile Include="Unit.cpp">
      <Filter>Source Files</Filter>
    </ClCompile>
    <ClCompile Include="Warrior.cpp">
      <Filter>Source Files</Filter>
    </ClCompile>
    <ClCompile Include="Horse.cpp">
      <Filter>Source Files</Filter>
    </ClCompile>
    <ClCompile Include="Map.cpp">
      <Filter>Source Files</Filter>
    </ClCompile>
  </ItemGroup>
  <ItemGroup>
    <ClInclude Include="Bitmap.h">
      <Filter>Header Files</Filter>
    </ClInclude>
    <ClInclude Include="Fore.h">
      <Filter>Header Files</Filter>
    </ClInclude>
    <ClInclude Include="GameEngine.h">
      <Filter>Header Files</Filter>
    </ClInclude>
    <ClInclude Include="Resource.h">
      <Filter>Header Files</Filter>
    </ClInclude>
    <ClInclude Include="Sprite.h">
      <Filter>Header Files</Filter>
    </ClInclude>
    <ClInclude Include="Camera.h">
      <Filter>Header Files</Filter>
    </ClInclude>
    <ClInclude Include="TreeSprite.h">
      <Filter>Header Files</Filter>
    </ClInclude>
    <ClInclude Include="InputManager.h">
      <Filter>Header Files</Filter>
    </ClInclude>
    <ClInclude Include="Gatherer.h">
      <Filter>Header Files</Filter>
    </ClInclude>
    <ClInclude Include="Unit.h">
      <Filter>Header Files</Filter>
    </ClInclude>
    <ClInclude Include="Player.h">
      <Filter>Header Files</Filter>
    </ClInclude>
    <ClInclude Include="Obstacle.h">
      <Filter>Header Files</Filter>
    </ClInclude>
    <ClInclude Include="Tile.h">
      <Filter>Header Files</Filter>
    </ClInclude>
    <ClInclude Include="Warrior.h">
      <Filter>Header Files</Filter>
    </ClInclude>
    <ClInclude Include="Horse.h">
      <Filter>Header Files</Filter>
    </ClInclude>
    <ClInclude Include="Map.h">
      <Filter>Header Files</Filter>
    </ClInclude>
    <ClInclude Include="MapSprite.h">
      <Filter>Header Files</Filter>
    </ClInclude>
  </ItemGroup>
  <ItemGroup>
    <Image Include="Fore.ico">
      <Filter>Resource Files</Filter>
    </Image>
    <Image Include="Fore_sm.ico">
      <Filter>Resource Files</Filter>
    </Image>
    <Image Include="..\..\..\Bitmaps\grass1.bmp">
      <Filter>Resource Files</Filter>
    </Image>
    <Image Include="..\..\..\Bitmaps\grass2.bmp">
      <Filter>Resource Files</Filter>
    </Image>
    <Image Include="..\..\..\Bitmaps\grass3.bmp">
      <Filter>Resource Files</Filter>
    </Image>
    <Image Include="..\..\..\Bitmaps\grass4.bmp">
      <Filter>Resource Files</Filter>
    </Image>
    <Image Include="..\..\..\Bitmaps\horse1.bmp">
      <Filter>Resource Files</Filter>
    </Image>
    <Image Include="..\..\..\Bitmaps\lake.bmp">
      <Filter>Resource Files</Filter>
    </Image>
    <Image Include="..\..\..\Bitmaps\terrain.bmp">
      <Filter>Resource Files</Filter>
    </Image>
    <Image Include="..\..\..\Bitmaps\terrain2.bmp">
      <Filter>Resource Files</Filter>
    </Image>
    <Image Include="..\..\..\Bitmaps\tree.bmp">
      <Filter>Resource Files</Filter>
    </Image>
    <Image Include="..\..\..\Bitmaps\warriorL.bmp">
      <Filter>Resource Files</Filter>
    </Image>
    <Image Include="..\..\..\Bitmaps\warriorR.bmp">
      <Filter>Resource Files</Filter>
    </Image>
    <Image Include="Forest.bmp">
      <Filter>Resource Files</Filter>
    </Image>
    <Image Include="GolfBall.bmp">
      <Filter>Resource Files</Filter>
    </Image>
    <Image Include="..\..\..\bitmaps\bitmap12.bmp">
      <Filter>Resource Files</Filter>
    </Image>
    <Image Include="..\..\..\bitmaps\bitmap1.bmp">
      <Filter>Resource Files</Filter>
    </Image>
    <Image Include="..\..\..\bitmaps\bitmap2.bmp">
      <Filter>Resource Files</Filter>
    </Image>
    <Image Include="..\..\..\bitmaps\bitmap3.bmp">
      <Filter>Resource Files</Filter>
    </Image>
    <Image Include="Select.bmp">
      <Filter>Resource Files</Filter>
    </Image>
    <Image Include="..\..\..\Bitmaps\femaleR.bmp">
      <Filter>Resource Files</Filter>
    </Image>
    <Image Include="..\..\..\bitmaps\bitmap4.bmp">
      <Filter>Resource Files</Filter>
    </Image>
    <Image Include="..\..\..\bitmaps\bitmap5.bmp">
      <Filter>Resource Files</Filter>
    </Image>
    <Image Include="..\..\..\bitmaps\bitmap6.bmp">
      <Filter>Resource Files</Filter>
    </Image>
    <Image Include="..\..\..\Bitmaps\femaleL.bmp">
      <Filter>Resource Files</Filter>
    </Image>
    <Image Include="bitmaps\bitmap4.bmp">
      <Filter>Resource Files</Filter>
    </Image>
    <Image Include="Bitmaps\grass1.bmp">
      <Filter>Resource Files</Filter>
    </Image>
    <Image Include="Bitmaps\grass2.bmp">
      <Filter>Resource Files</Filter>
    </Image>
    <Image Include="Bitmaps\grass3.bmp">
      <Filter>Resource Files</Filter>
    </Image>
    <Image Include="Bitmaps\grass4.bmp">
      <Filter>Resource Files</Filter>
    </Image>
    <Image Include="Bitmaps\horse1.bmp">
      <Filter>Resource Files</Filter>
    </Image>
    <Image Include="Bitmaps\lake.bmp">
      <Filter>Resource Files</Filter>
    </Image>
    <Image Include="Bitmaps\terrain.bmp">
      <Filter>Resource Files</Filter>
    </Image>
    <Image Include="Bitmaps\terrain2.bmp">
      <Filter>Resource Files</Filter>
    </Image>
    <Image Include="Bitmaps\tree.bmp">
      <Filter>Resource Files</Filter>
    </Image>
    <Image Include="Bitmaps\warriorL.bmp">
      <Filter>Resource Files</Filter>
    </Image>
    <Image Include="Bitmaps\warriorR.bmp">
      <Filter>Resource Files</Filter>
    </Image>
    <Image Include="Bitmaps\bitmap12.bmp">
      <Filter>Resource Files</Filter>
    </Image>
    <Image Include="Bitmaps\bitmap1.bmp">
      <Filter>Resource Files</Filter>
    </Image>
    <Image Include="Bitmaps\bitmap3.bmp">
      <Filter>Resource Files</Filter>
    </Image>
    <Image Include="Bitmaps\femaleL.bmp">
      <Filter>Resource Files</Filter>
    </Image>
    <Image Include="..\..\..\Bitmaps\warriorMountedR.bmp">
      <Filter>Resource Files</Filter>
    </Image>
  </ItemGroup>
  <ItemGroup>
    <ResourceCompile Include="Fore.rc">
      <Filter>Resource Files</Filter>
    </ResourceCompile>
  </ItemGroup>
</Project>